
Microsoft Visual Studio Solution File, Format Version 12.00
# Visual Studio Version 16
VisualStudioVersion = 16.0.29009.5
MinimumVisualStudioVersion = 10.0.40219.1
Project("{2150E333-8FDC-42A3-9474-1A3956D46DE8}") = "Domain", "Domain", "{1B0DE13F-B829-4E5B-90F2-94A84FDA950F}"
EndProject
Project("{2150E333-8FDC-42A3-9474-1A3956D46DE8}") = "Infrastructure.Bus", "Infrastructure.Bus", "{EF03CD5E-9E73-43B2-BD80-EFFA5012A88D}"
EndProject
Project("{2150E333-8FDC-42A3-9474-1A3956D46DE8}") = "Infrastructure.IoC", "Infrastructure.IoC", "{3B1371FD-838F-41A1-9706-9D2443DE84FF}"
EndProject
Project("{2150E333-8FDC-42A3-9474-1A3956D46DE8}") = "Microservices", "Microservices", "{E0947BEC-499E-47DF-9EB4-EE60E342D47E}"
EndProject
Project("{2150E333-8FDC-42A3-9474-1A3956D46DE8}") = "Presentation", "Presentation", "{8A9CD244-AD08-4F23-B70B-EF5626EF60D6}"
EndProject
Project("{9A19103F-16F7-4668-BE54-9A1E7A4F7556}") = "MicroRabbit.Domain.Core", "MicroRabbit.Domain.Core\MicroRabbit.Domain.Core.csproj", "{035576BB-2DDC-447B-90B3-D1B032F9888F}"
EndProject
Project("{9A19103F-16F7-4668-BE54-9A1E7A4F7556}") = "MicroRabbit.Infrastructure.Bus", "MicroRabbit.Infrastructure.Bus\MicroRabbit.Infrastructure.Bus.csproj", "{534EA367-F206-4E15-A74C-EBE5A39BF98E}"
EndProject
Project("{9A19103F-16F7-4668-BE54-9A1E7A4F7556}") = "MicroRabbit.Infrastructure.IoC", "MicroRabbit.Infrastructure.IoC\MicroRabbit.Infrastructure.IoC.csproj", "{AAA231F4-A3DB-4222-A53D-4632420C3214}"
EndProject
Project("{2150E333-8FDC-42A3-9474-1A3956D46DE8}") = "Banking", "Banking", "{165EF4CE-DEC5-4707-A96F-F47157CED128}"
EndProject
Project("{2150E333-8FDC-42A3-9474-1A3956D46DE8}") = "Api", "Api", "{309AE978-01A2-4605-A898-A457FABFAF8C}"
EndProject
Project("{2150E333-8FDC-42A3-9474-1A3956D46DE8}") = "Application", "Application", "{922F62BA-A0FC-46FB-B120-8F699DD95985}"
EndProject
Project("{2150E333-8FDC-42A3-9474-1A3956D46DE8}") = "Domain", "Domain", "{F424787E-692E-4BA6-8461-A03ECEBF0EBC}"
EndProject
Project("{2150E333-8FDC-42A3-9474-1A3956D46DE8}") = "Data", "Data", "{00E971F0-CA00-48CB-87FF-A3D29EBE86CC}"
EndProject
Project("{FAE04EC0-301F-11D3-BF4B-00C04F79EFBC}") = "MicroRabbit.Banking.Api", "MicroRabbit.Banking.Api\MicroRabbit.Banking.Api.csproj", "{F33B95B9-3792-4D74-BDE0-6F910E870850}"
EndProject
Project("{FAE04EC0-301F-11D3-BF4B-00C04F79EFBC}") = "MicroRabbit.Banking.Application", "MicroRabbit.Banking.Application\MicroRabbit.Banking.Application.csproj", "{20319CA2-38A7-46DC-BE35-77BD76C8D97F}"
EndProject
Project("{FAE04EC0-301F-11D3-BF4B-00C04F79EFBC}") = "MicroRabbit.Banking.Data", "MicroRabbit.Banking.Data\MicroRabbit.Banking.Data.csproj", "{D91BCC91-C689-4218-9635-38B1D583A831}"
EndProject
Project("{FAE04EC0-301F-11D3-BF4B-00C04F79EFBC}") = "MicroRabbit.Banking.Domain", "MicroRabbit.Banking.Domain\MicroRabbit.Banking.Domain.csproj", "{4DC1F937-A44F-4754-AF15-326A07785BD8}"
EndProject
Global
	GlobalSection(SolutionConfigurationPlatforms) = preSolution
		Debug|Any CPU = Debug|Any CPU
		Release|Any CPU = Release|Any CPU
	EndGlobalSection
	GlobalSection(ProjectConfigurationPlatforms) = postSolution
		{035576BB-2DDC-447B-90B3-D1B032F9888F}.Debug|Any CPU.ActiveCfg = Debug|Any CPU
		{035576BB-2DDC-447B-90B3-D1B032F9888F}.Debug|Any CPU.Build.0 = Debug|Any CPU
		{035576BB-2DDC-447B-90B3-D1B032F9888F}.Release|Any CPU.ActiveCfg = Release|Any CPU
		{035576BB-2DDC-447B-90B3-D1B032F9888F}.Release|Any CPU.Build.0 = Release|Any CPU
		{534EA367-F206-4E15-A74C-EBE5A39BF98E}.Debug|Any CPU.ActiveCfg = Debug|Any CPU
		{534EA367-F206-4E15-A74C-EBE5A39BF98E}.Debug|Any CPU.Build.0 = Debug|Any CPU
		{534EA367-F206-4E15-A74C-EBE5A39BF98E}.Release|Any CPU.ActiveCfg = Release|Any CPU
		{534EA367-F206-4E15-A74C-EBE5A39BF98E}.Release|Any CPU.Build.0 = Release|Any CPU
		{AAA231F4-A3DB-4222-A53D-4632420C3214}.Debug|Any CPU.ActiveCfg = Debug|Any CPU
		{AAA231F4-A3DB-4222-A53D-4632420C3214}.Debug|Any CPU.Build.0 = Debug|Any CPU
		{AAA231F4-A3DB-4222-A53D-4632420C3214}.Release|Any CPU.ActiveCfg = Release|Any CPU
		{AAA231F4-A3DB-4222-A53D-4632420C3214}.Release|Any CPU.Build.0 = Release|Any CPU
		{F33B95B9-3792-4D74-BDE0-6F910E870850}.Debug|Any CPU.ActiveCfg = Debug|Any CPU
		{F33B95B9-3792-4D74-BDE0-6F910E870850}.Debug|Any CPU.Build.0 = Debug|Any CPU
		{F33B95B9-3792-4D74-BDE0-6F910E870850}.Release|Any CPU.ActiveCfg = Release|Any CPU
		{F33B95B9-3792-4D74-BDE0-6F910E870850}.Release|Any CPU.Build.0 = Release|Any CPU
		{20319CA2-38A7-46DC-BE35-77BD76C8D97F}.Debug|Any CPU.ActiveCfg = Debug|Any CPU
		{20319CA2-38A7-46DC-BE35-77BD76C8D97F}.Debug|Any CPU.Build.0 = Debug|Any CPU
		{20319CA2-38A7-46DC-BE35-77BD76C8D97F}.Release|Any CPU.ActiveCfg = Release|Any CPU
		{20319CA2-38A7-46DC-BE35-77BD76C8D97F}.Release|Any CPU.Build.0 = Release|Any CPU
		{D91BCC91-C689-4218-9635-38B1D583A831}.Debug|Any CPU.ActiveCfg = Debug|Any CPU
		{D91BCC91-C689-4218-9635-38B1D583A831}.Debug|Any CPU.Build.0 = Debug|Any CPU
		{D91BCC91-C689-4218-9635-38B1D583A831}.Release|Any CPU.ActiveCfg = Release|Any CPU
		{D91BCC91-C689-4218-9635-38B1D583A831}.Release|Any CPU.Build.0 = Release|Any CPU
		{4DC1F937-A44F-4754-AF15-326A07785BD8}.Debug|Any CPU.ActiveCfg = Debug|Any CPU
		{4DC1F937-A44F-4754-AF15-326A07785BD8}.Debug|Any CPU.Build.0 = Debug|Any CPU
		{4DC1F937-A44F-4754-AF15-326A07785BD8}.Release|Any CPU.ActiveCfg = Release|Any CPU
		{4DC1F937-A44F-4754-AF15-326A07785BD8}.Release|Any CPU.Build.0 = Release|Any CPU
	EndGlobalSection
	GlobalSection(SolutionProperties) = preSolution
		HideSolutionNode = FALSE
	EndGlobalSection
	GlobalSection(NestedProjects) = preSolution
		{035576BB-2DDC-447B-90B3-D1B032F9888F} = {1B0DE13F-B829-4E5B-90F2-94A84FDA950F}
		{534EA367-F206-4E15-A74C-EBE5A39BF98E} = {EF03CD5E-9E73-43B2-BD80-EFFA5012A88D}
		{AAA231F4-A3DB-4222-A53D-4632420C3214} = {3B1371FD-838F-41A1-9706-9D2443DE84FF}
		{165EF4CE-DEC5-4707-A96F-F47157CED128} = {E0947BEC-499E-47DF-9EB4-EE60E342D47E}
		{309AE978-01A2-4605-A898-A457FABFAF8C} = {165EF4CE-DEC5-4707-A96F-F47157CED128}
		{922F62BA-A0FC-46FB-B120-8F699DD95985} = {165EF4CE-DEC5-4707-A96F-F47157CED128}
		{F424787E-692E-4BA6-8461-A03ECEBF0EBC} = {165EF4CE-DEC5-4707-A96F-F47157CED128}
		{00E971F0-CA00-48CB-87FF-A3D29EBE86CC} = {165EF4CE-DEC5-4707-A96F-F47157CED128}
		{F33B95B9-3792-4D74-BDE0-6F910E870850} = {309AE978-01A2-4605-A898-A457FABFAF8C}
		{20319CA2-38A7-46DC-BE35-77BD76C8D97F} = {922F62BA-A0FC-46FB-B120-8F699DD95985}
		{D91BCC91-C689-4218-9635-38B1D583A831} = {00E971F0-CA00-48CB-87FF-A3D29EBE86CC}
		{4DC1F937-A44F-4754-AF15-326A07785BD8} = {F424787E-692E-4BA6-8461-A03ECEBF0EBC}
	EndGlobalSection
	GlobalSection(ExtensibilityGlobals) = postSolution
		SolutionGuid = {52BA93F3-3ECE-4E3A-AE0D-21281FAEF85B}
	EndGlobalSection
EndGlobal
